
Microsoft Visual Studio Solution File, Format Version 12.00
# Visual Studio Version 17
VisualStudioVersion = 17.8.34330.188
MinimumVisualStudioVersion = 10.0.40219.1
Project("{9A19103F-16F7-4668-BE54-9A1E7A4F7556}") = "SI Web API", "SI Web API\SI Web API.csproj", "{0A055208-FA55-4070-80F6-16F8B87B6BB7}"
EndProject
Global
	GlobalSection(SolutionConfigurationPlatforms) = preSolution
		Debug|Any CPU = Debug|Any CPU
		Release|Any CPU = Release|Any CPU
	EndGlobalSection
	GlobalSection(ProjectConfigurationPlatforms) = postSolution
		{0A055208-FA55-4070-80F6-16F8B87B6BB7}.Debug|Any CPU.ActiveCfg = Debug|Any CPU
		{0A055208-FA55-4070-80F6-16F8B87B6BB7}.Debug|Any CPU.Build.0 = Debug|Any CPU
		{0A055208-FA55-4070-80F6-16F8B87B6BB7}.Release|Any CPU.ActiveCfg = Release|Any CPU
		{0A055208-FA55-4070-80F6-16F8B87B6BB7}.Release|Any CPU.Build.0 = Release|Any CPU
	EndGlobalSection
	GlobalSection(SolutionProperties) = preSolution
		HideSolutionNode = FALSE
	EndGlobalSection
	GlobalSection(ExtensibilityGlobals) = postSolution
		SolutionGuid = {AA1132E5-E633-40F5-B8B2-9D4415BFB209}
	EndGlobalSection
EndGlobal
